# This file is automatically @generated by Cargo.
# It is not intended for manual editing.
[[package]]
name = "reui"
version = "0.1.0"
dependencies = [
 "rgb 0.8.12 (registry+https://github.com/rust-lang/crates.io-index)",
]

[[package]]
name = "rgb"
version = "0.8.12"
source = "registry+https://github.com/rust-lang/crates.io-index"

[metadata]
"checksum rgb 0.8.12 (registry+https://github.com/rust-lang/crates.io-index)" = "6909f703ab5260012430324d5e8a5c74b26080597cd465d0bd1d2338d6b24ab7"
